version: 1
modules:
    ./modules/civo@1.0.0:
        source: ./modules/civo
        resolved: ""
        sha256: ""
    ./modules/aws-eks@1.0.0:
        source: ./modules/aws-eks
        resolved: ""
        sha256: ""
    ./modules/gke@1.0.0:
        source: ./modules/gke
        resolved: ""
        sha256: ""
    ./modules/k3d@1.0.0:
        source: ./modules/k3d
        resolved: ""
        sha256: ""
